
Microsoft Visual Studio Solution File, Format Version 12.00
# Visual Studio Version 16
VisualStudioVersion = 16.0.30225.117
MinimumVisualStudioVersion = 10.0.40219.1
Project("{FAE04EC0-301F-11D3-BF4B-00C04F79EFBC}") = "JimsLandscape.Server", "JimsLandscape\Server\JimsLandscape.Server.csproj", "{2EFA100B-EFB1-48AC-8429-CB72AA529A61}"
EndProject
Project("{FAE04EC0-301F-11D3-BF4B-00C04F79EFBC}") = "JimsLandscape.Client", "JimsLandscape\Client\JimsLandscape.Client.csproj", "{A0B5C038-E332-43DB-AFA9-3CABE7AAE8FB}"
EndProject
Project("{FAE04EC0-301F-11D3-BF4B-00C04F79EFBC}") = "JimsLandscape.Shared", "JimsLandscape\Shared\JimsLandscape.Shared.csproj", "{DF46D86B-9B01-4851-90AF-921F3C5C9F13}"
EndProject
Global
	GlobalSection(SolutionConfigurationPlatforms) = preSolution
		Debug|Any CPU = Debug|Any CPU
		Release|Any CPU = Release|Any CPU
	EndGlobalSection
	GlobalSection(ProjectConfigurationPlatforms) = postSolution
		{2EFA100B-EFB1-48AC-8429-CB72AA529A61}.Debug|Any CPU.ActiveCfg = Debug|Any CPU
		{2EFA100B-EFB1-48AC-8429-CB72AA529A61}.Debug|Any CPU.Build.0 = Debug|Any CPU
		{2EFA100B-EFB1-48AC-8429-CB72AA529A61}.Release|Any CPU.ActiveCfg = Release|Any CPU
		{2EFA100B-EFB1-48AC-8429-CB72AA529A61}.Release|Any CPU.Build.0 = Release|Any CPU
		{A0B5C038-E332-43DB-AFA9-3CABE7AAE8FB}.Debug|Any CPU.ActiveCfg = Debug|Any CPU
		{A0B5C038-E332-43DB-AFA9-3CABE7AAE8FB}.Debug|Any CPU.Build.0 = Debug|Any CPU
		{A0B5C038-E332-43DB-AFA9-3CABE7AAE8FB}.Release|Any CPU.ActiveCfg = Release|Any CPU
		{A0B5C038-E332-43DB-AFA9-3CABE7AAE8FB}.Release|Any CPU.Build.0 = Release|Any CPU
		{DF46D86B-9B01-4851-90AF-921F3C5C9F13}.Debug|Any CPU.ActiveCfg = Debug|Any CPU
		{DF46D86B-9B01-4851-90AF-921F3C5C9F13}.Debug|Any CPU.Build.0 = Debug|Any CPU
		{DF46D86B-9B01-4851-90AF-921F3C5C9F13}.Release|Any CPU.ActiveCfg = Release|Any CPU
		{DF46D86B-9B01-4851-90AF-921F3C5C9F13}.Release|Any CPU.Build.0 = Release|Any CPU
	EndGlobalSection
	GlobalSection(SolutionProperties) = preSolution
		HideSolutionNode = FALSE
	EndGlobalSection
	GlobalSection(ExtensibilityGlobals) = postSolution
		SolutionGuid = {8F616CE0-2180-4019-81C7-261E11F3766B}
	EndGlobalSection
EndGlobal
